
Microsoft Visual Studio Solution File, Format Version 12.00
# Visual Studio Version 16
VisualStudioVersion = 16.0.31624.102
MinimumVisualStudioVersion = 10.0.40219.1
Project("{9A19103F-16F7-4668-BE54-9A1E7A4F7556}") = "ConsoleApplication", "ConsoleApplication\ConsoleApplication.csproj", "{29E53AF9-498B-4031-A795-5977469E3641}"
EndProject
Project("{9A19103F-16F7-4668-BE54-9A1E7A4F7556}") = "WindowsFormsApplication", "WindowsFormsApplication\WindowsFormsApplication.csproj", "{DCDD7D33-555B-476D-9A0D-162DE478E4F0}"
EndProject
Project("{9A19103F-16F7-4668-BE54-9A1E7A4F7556}") = "WPFApplication", "WPFApplication\WPFApplication.csproj", "{D0D1BB19-55E4-41C6-B49A-06D6DADF5194}"
EndProject
Project("{9A19103F-16F7-4668-BE54-9A1E7A4F7556}") = "Students", "Students\Students.csproj", "{61034308-D31B-4146-A5E8-89C9C6EF6123}"
EndProject
Project("{FAE04EC0-301F-11D3-BF4B-00C04F79EFBC}") = "Converting", "Converting\Converting.csproj", "{50E3E8F4-819E-461A-A508-9D2CC80E31BA}"
EndProject
Global
	GlobalSection(SolutionConfigurationPlatforms) = preSolution
		Debug|Any CPU = Debug|Any CPU
		Release|Any CPU = Release|Any CPU
	EndGlobalSection
	GlobalSection(ProjectConfigurationPlatforms) = postSolution
		{29E53AF9-498B-4031-A795-5977469E3641}.Debug|Any CPU.ActiveCfg = Debug|Any CPU
		{29E53AF9-498B-4031-A795-5977469E3641}.Debug|Any CPU.Build.0 = Debug|Any CPU
		{29E53AF9-498B-4031-A795-5977469E3641}.Release|Any CPU.ActiveCfg = Release|Any CPU
		{29E53AF9-498B-4031-A795-5977469E3641}.Release|Any CPU.Build.0 = Release|Any CPU
		{DCDD7D33-555B-476D-9A0D-162DE478E4F0}.Debug|Any CPU.ActiveCfg = Debug|Any CPU
		{DCDD7D33-555B-476D-9A0D-162DE478E4F0}.Debug|Any CPU.Build.0 = Debug|Any CPU
		{DCDD7D33-555B-476D-9A0D-162DE478E4F0}.Release|Any CPU.ActiveCfg = Release|Any CPU
		{DCDD7D33-555B-476D-9A0D-162DE478E4F0}.Release|Any CPU.Build.0 = Release|Any CPU
		{D0D1BB19-55E4-41C6-B49A-06D6DADF5194}.Debug|Any CPU.ActiveCfg = Debug|Any CPU
		{D0D1BB19-55E4-41C6-B49A-06D6DADF5194}.Debug|Any CPU.Build.0 = Debug|Any CPU
		{D0D1BB19-55E4-41C6-B49A-06D6DADF5194}.Release|Any CPU.ActiveCfg = Release|Any CPU
		{D0D1BB19-55E4-41C6-B49A-06D6DADF5194}.Release|Any CPU.Build.0 = Release|Any CPU
		{61034308-D31B-4146-A5E8-89C9C6EF6123}.Debug|Any CPU.ActiveCfg = Debug|Any CPU
		{61034308-D31B-4146-A5E8-89C9C6EF6123}.Debug|Any CPU.Build.0 = Debug|Any CPU
		{61034308-D31B-4146-A5E8-89C9C6EF6123}.Release|Any CPU.ActiveCfg = Release|Any CPU
		{61034308-D31B-4146-A5E8-89C9C6EF6123}.Release|Any CPU.Build.0 = Release|Any CPU
		{50E3E8F4-819E-461A-A508-9D2CC80E31BA}.Debug|Any CPU.ActiveCfg = Debug|Any CPU
		{50E3E8F4-819E-461A-A508-9D2CC80E31BA}.Debug|Any CPU.Build.0 = Debug|Any CPU
		{50E3E8F4-819E-461A-A508-9D2CC80E31BA}.Release|Any CPU.ActiveCfg = Release|Any CPU
		{50E3E8F4-819E-461A-A508-9D2CC80E31BA}.Release|Any CPU.Build.0 = Release|Any CPU
	EndGlobalSection
	GlobalSection(SolutionProperties) = preSolution
		HideSolutionNode = FALSE
	EndGlobalSection
	GlobalSection(ExtensibilityGlobals) = postSolution
		SolutionGuid = {7AE7CA52-628F-4DBA-B7CE-85FCE688EF9E}
	EndGlobalSection
EndGlobal
